
Microsoft Visual Studio Solution File, Format Version 12.00
# Visual Studio 15
VisualStudioVersion = 15.0.28010.2036
MinimumVisualStudioVersion = 10.0.40219.1
Project("{FAE04EC0-301F-11D3-BF4B-00C04F79EFBC}") = "Microsoft.Extensions.Logging.Debugger", "Microsoft.Extensions.Logging.Debugger\Microsoft.Extensions.Logging.Debugger.csproj", "{6F2F5681-FFC7-4E20-8640-3CA82BB7C7E5}"
EndProject
Project("{FAE04EC0-301F-11D3-BF4B-00C04F79EFBC}") = "Demo", "Demo\Demo.csproj", "{61B80984-B9CE-43E8-BA73-7DD308F4DAE9}"
EndProject
Global
	GlobalSection(SolutionConfigurationPlatforms) = preSolution
		Debug|Any CPU = Debug|Any CPU
		Release|Any CPU = Release|Any CPU
	EndGlobalSection
	GlobalSection(ProjectConfigurationPlatforms) = postSolution
		{6F2F5681-FFC7-4E20-8640-3CA82BB7C7E5}.Debug|Any CPU.ActiveCfg = Debug|Any CPU
		{6F2F5681-FFC7-4E20-8640-3CA82BB7C7E5}.Debug|Any CPU.Build.0 = Debug|Any CPU
		{6F2F5681-FFC7-4E20-8640-3CA82BB7C7E5}.Release|Any CPU.ActiveCfg = Release|Any CPU
		{6F2F5681-FFC7-4E20-8640-3CA82BB7C7E5}.Release|Any CPU.Build.0 = Release|Any CPU
		{61B80984-B9CE-43E8-BA73-7DD308F4DAE9}.Debug|Any CPU.ActiveCfg = Debug|Any CPU
		{61B80984-B9CE-43E8-BA73-7DD308F4DAE9}.Debug|Any CPU.Build.0 = Debug|Any CPU
		{61B80984-B9CE-43E8-BA73-7DD308F4DAE9}.Release|Any CPU.ActiveCfg = Release|Any CPU
		{61B80984-B9CE-43E8-BA73-7DD308F4DAE9}.Release|Any CPU.Build.0 = Release|Any CPU
	EndGlobalSection
	GlobalSection(SolutionProperties) = preSolution
		HideSolutionNode = FALSE
	EndGlobalSection
	GlobalSection(ExtensibilityGlobals) = postSolution
		SolutionGuid = {F3CFBC8F-90A2-4883-A1C4-68A3B5C70723}
	EndGlobalSection
EndGlobal
